
Microsoft Visual Studio Solution File, Format Version 12.00
# Visual Studio Version 16
VisualStudioVersion = 16.0.29728.190
MinimumVisualStudioVersion = 10.0.40219.1
Project("{8BC9CEB8-8B4A-11D0-8D11-00A0C91BC942}") = "main", "main\main.vcxproj", "{41C2E5C2-A7EA-4BA5-A2DF-678DF5909DDF}"
EndProject
Project("{8BC9CEB8-8B4A-11D0-8D11-00A0C91BC942}") = "test", "test\test.vcxproj", "{8C399565-A797-4238-9DE9-457EF30D34C2}"
EndProject
Global
	GlobalSection(SolutionConfigurationPlatforms) = preSolution
		Debug|x64 = Debug|x64
		Debug|x86 = Debug|x86
		Release|x64 = Release|x64
		Release|x86 = Release|x86
	EndGlobalSection
	GlobalSection(ProjectConfigurationPlatforms) = postSolution
		{41C2E5C2-A7EA-4BA5-A2DF-678DF5909DDF}.Debug|x64.ActiveCfg = Debug|x64
		{41C2E5C2-A7EA-4BA5-A2DF-678DF5909DDF}.Debug|x64.Build.0 = Debug|x64
		{41C2E5C2-A7EA-4BA5-A2DF-678DF5909DDF}.Debug|x86.ActiveCfg = Debug|Win32
		{41C2E5C2-A7EA-4BA5-A2DF-678DF5909DDF}.Debug|x86.Build.0 = Debug|Win32
		{41C2E5C2-A7EA-4BA5-A2DF-678DF5909DDF}.Release|x64.ActiveCfg = Release|x64
		{41C2E5C2-A7EA-4BA5-A2DF-678DF5909DDF}.Release|x64.Build.0 = Release|x64
		{41C2E5C2-A7EA-4BA5-A2DF-678DF5909DDF}.Release|x86.ActiveCfg = Release|Win32
		{41C2E5C2-A7EA-4BA5-A2DF-678DF5909DDF}.Release|x86.Build.0 = Release|Win32
		{8C399565-A797-4238-9DE9-457EF30D34C2}.Debug|x64.ActiveCfg = Debug|x64
		{8C399565-A797-4238-9DE9-457EF30D34C2}.Debug|x64.Build.0 = Debug|x64
		{8C399565-A797-4238-9DE9-457EF30D34C2}.Debug|x86.ActiveCfg = Debug|Win32
		{8C399565-A797-4238-9DE9-457EF30D34C2}.Debug|x86.Build.0 = Debug|Win32
		{8C399565-A797-4238-9DE9-457EF30D34C2}.Release|x64.ActiveCfg = Release|x64
		{8C399565-A797-4238-9DE9-457EF30D34C2}.Release|x64.Build.0 = Release|x64
		{8C399565-A797-4238-9DE9-457EF30D34C2}.Release|x86.ActiveCfg = Release|Win32
		{8C399565-A797-4238-9DE9-457EF30D34C2}.Release|x86.Build.0 = Release|Win32
	EndGlobalSection
	GlobalSection(SolutionProperties) = preSolution
		HideSolutionNode = FALSE
	EndGlobalSection
	GlobalSection(ExtensibilityGlobals) = postSolution
		SolutionGuid = {3BD8AE83-32E7-411F-A04B-279F2A4AD291}
	EndGlobalSection
EndGlobal
